// !$*UTF8*$!
{
	archiveVersion = 1;
	classes = {
	};
	objectVersion = 77;
	objects = {

/* Begin PBXBuildFile section */
		043BB6912FE03CB200449743 /* PersistenceCore in Frameworks */ = {isa = PBXBuildFile; productRef = 043BB6A12FE03CB200449743 /* PersistenceCore */; };
		043BB6922FE03CB200449743 /* AudioCore in Frameworks */ = {isa = PBXBuildFile; productRef = 043BB6A22FE03CB200449743 /* AudioCore */; };
		043BB6932FE03CB200449743 /* TranscriptionCore in Frameworks */ = {isa = PBXBuildFile; productRef = 043BB6A32FE03CB200449743 /* TranscriptionCore */; };
		043BB6942FE03CB200449743 /* NetworkCore in Frameworks */ = {isa = PBXBuildFile; productRef = 043BB6A42FE03CB200449743 /* NetworkCore */; };
		043BB6952FE03CB200449743 /* SystemCore in Frameworks */ = {isa = PBXBuildFile; productRef = 043BB6A52FE03CB200449743 /* SystemCore */; };
		043BB6962FE03CB200449743 /* RecordingFeature in Frameworks */ = {isa = PBXBuildFile; productRef = 043BB6A62FE03CB200449743 /* RecordingFeature */; };
		043BB6972FE03CB200449743 /* SessionsFeature in Frameworks */ = {isa = PBXBuildFile; productRef = 043BB6A72FE03CB200449743 /* SessionsFeature */; };
/* End PBXBuildFile section */

/* Begin PBXFileReference section */
		043BB6802FE03CB200449743 /* MemoNotesAI.app */ = {isa = PBXFileReference; explicitFileType = wrapper.application; includeInIndex = 0; path = MemoNotesAI.app; sourceTree = BUILT_PRODUCTS_DIR; };
/* End PBXFileReference section */

/* Begin PBXFileSystemSynchronizedBuildFileExceptionSet section */
		043BB6902FE03CB200449743 /* Exceptions for "MemoNotesAI" folder in "MemoNotesAI" target */ = {
			isa = PBXFileSystemSynchronizedBuildFileExceptionSet;
			membershipExceptions = (
				App/Info.plist,
				AudioCore,
				NetworkCore,
				PersistenceCore,
				RecordingFeature,
				SessionsFeature,
				SystemCore,
				TranscriptionCore,
			);
			target = 043BB67F2FE03CB200449743 /* MemoNotesAI */;
		};
/* End PBXFileSystemSynchronizedBuildFileExceptionSet section */

/* Begin PBXFileSystemSynchronizedRootGroup section */
		043BB6822FE03CB200449743 /* MemoNotesAI */ = {
			isa = PBXFileSystemSynchronizedRootGroup;
			exceptions = (
				043BB6902FE03CB200449743 /* Exceptions for "MemoNotesAI" folder in "MemoNotesAI" target */,
			);
			path = MemoNotesAI;
			sourceTree = "<group>";
		};
/* End PBXFileSystemSynchronizedRootGroup section */

/* Begin PBXFrameworksBuildPhase section */
		043BB67D2FE03CB200449743 /* Frameworks */ = {
			isa = PBXFrameworksBuildPhase;
			buildActionMask = 2147483647;
			files = (
				043BB6912FE03CB200449743 /* PersistenceCore in Frameworks */,
				043BB6922FE03CB200449743 /* AudioCore in Frameworks */,
				043BB6932FE03CB200449743 /* TranscriptionCore in Frameworks */,
				043BB6942FE03CB200449743 /* NetworkCore in Frameworks */,
				043BB6952FE03CB200449743 /* SystemCore in Frameworks */,
				043BB6962FE03CB200449743 /* RecordingFeature in Frameworks */,
				043BB6972FE03CB200449743 /* SessionsFeature in Frameworks */,
			);
			runOnlyForDeploymentPostprocessing = 0;
		};
/* End PBXFrameworksBuildPhase section */

/* Begin PBXGroup section */
		043BB6772FE03CB100449743 = {
			isa = PBXGroup;
			children = (
				043BB6822FE03CB200449743 /* MemoNotesAI */,
				043BB6812FE03CB200449743 /* Products */,
			);
			sourceTree = "<group>";
		};
		043BB6812FE03CB200449743 /* Products */ = {
			isa = PBXGroup;
			children = (
				043BB6802FE03CB200449743 /* MemoNotesAI.app */,
			);
			name = Products;
			sourceTree = "<group>";
		};
/* End PBXGroup section */

/* Begin PBXNativeTarget section */
		043BB67F2FE03CB200449743 /* MemoNotesAI */ = {
			isa = PBXNativeTarget;
			buildConfigurationList = 043BB68B2FE03CB300449743 /* Build configuration list for PBXNativeTarget "MemoNotesAI" */;
			buildPhases = (
				043BB67C2FE03CB200449743 /* Sources */,
				043BB67D2FE03CB200449743 /* Frameworks */,
				043BB67E2FE03CB200449743 /* Resources */,
			);
			buildRules = (
			);
			dependencies = (
			);
			fileSystemSynchronizedGroups = (
				043BB6822FE03CB200449743 /* MemoNotesAI */,
			);
			name = MemoNotesAI;
			packageProductDependencies = (
				043BB6A12FE03CB200449743 /* PersistenceCore */,
				043BB6A22FE03CB200449743 /* AudioCore */,
				043BB6A32FE03CB200449743 /* TranscriptionCore */,
				043BB6A42FE03CB200449743 /* NetworkCore */,
				043BB6A52FE03CB200449743 /* SystemCore */,
				043BB6A62FE03CB200449743 /* RecordingFeature */,
				043BB6A72FE03CB200449743 /* SessionsFeature */,
			);
			productName = MemoNotesAI;
			productReference = 043BB6802FE03CB200449743 /* MemoNotesAI.app */;
			productType = "com.apple.product-type.application";
		};
/* End PBXNativeTarget section */

/* Begin PBXProject section */
		043BB6782FE03CB100449743 /* Project object */ = {
			isa = PBXProject;
			attributes = {
				BuildIndependentTargetsInParallel = 1;
				LastSwiftUpdateCheck = 2620;
				LastUpgradeCheck = 2620;
				TargetAttributes = {
					043BB67F2FE03CB200449743 = {
						CreatedOnToolsVersion = 26.2;
					};
				};
			};
			buildConfigurationList = 043BB67B2FE03CB100449743 /* Build configuration list for PBXProject "MemoNotesAI" */;
			developmentRegion = en;
			hasScannedForEncodings = 0;
			knownRegions = (
				en,
				Base,
			);
			mainGroup = 043BB6772FE03CB100449743;
			minimizedProjectReferenceProxies = 1;
			packageReferences = (
				043BB6B12FE03CB200449743 /* XCLocalSwiftPackageReference "MemoNotesAI/PersistenceCore" */,
				043BB6B22FE03CB200449743 /* XCLocalSwiftPackageReference "MemoNotesAI/AudioCore" */,
				043BB6B32FE03CB200449743 /* XCLocalSwiftPackageReference "MemoNotesAI/TranscriptionCore" */,
				043BB6B42FE03CB200449743 /* XCLocalSwiftPackageReference "MemoNotesAI/NetworkCore" */,
				043BB6B52FE03CB200449743 /* XCLocalSwiftPackageReference "MemoNotesAI/SystemCore" */,
				043BB6B62FE03CB200449743 /* XCLocalSwiftPackageReference "MemoNotesAI/RecordingFeature" */,
				043BB6B72FE03CB200449743 /* XCLocalSwiftPackageReference "MemoNotesAI/SessionsFeature" */,
			);
			preferredProjectObjectVersion = 77;
			productRefGroup = 043BB6812FE03CB200449743 /* Products */;
			projectDirPath = "";
			projectRoot = "";
			targets = (
				043BB67F2FE03CB200449743 /* MemoNotesAI */,
			);
		};
/* End PBXProject section */

/* Begin PBXResourcesBuildPhase section */
		043BB67E2FE03CB200449743 /* Resources */ = {
			isa = PBXResourcesBuildPhase;
			buildActionMask = 2147483647;
			files = (
			);
			runOnlyForDeploymentPostprocessing = 0;
		};
/* End PBXResourcesBuildPhase section */

/* Begin PBXSourcesBuildPhase section */
		043BB67C2FE03CB200449743 /* Sources */ = {
			isa = PBXSourcesBuildPhase;
			buildActionMask = 2147483647;
			files = (
			);
			runOnlyForDeploymentPostprocessing = 0;
		};
/* End PBXSourcesBuildPhase section */

/* Begin XCBuildConfiguration section */
		043BB6892FE03CB300449743 /* Debug */ = {
			isa = XCBuildConfiguration;
			buildSettings = {
				ALWAYS_SEARCH_USER_PATHS = NO;
				ASSETCATALOG_COMPILER_GENERATE_SWIFT_ASSET_SYMBOL_EXTENSIONS = YES;
				CLANG_ANALYZER_NONNULL = YES;
				CLANG_ANALYZER_NUMBER_OBJECT_CONVERSION = YES_AGGRESSIVE;
				CLANG_CXX_LANGUAGE_STANDARD = "gnu++20";
				CLANG_ENABLE_MODULES = YES;
				CLANG_ENABLE_OBJC_ARC = YES;
				CLANG_ENABLE_OBJC_WEAK = YES;
				CLANG_WARN_BLOCK_CAPTURE_AUTORELEASING = YES;
				CLANG_WARN_BOOL_CONVERSION = YES;
				CLANG_WARN_COMMA = YES;
				CLANG_WARN_CONSTANT_CONVERSION = YES;
				CLANG_WARN_DEPRECATED_OBJC_IMPLEMENTATIONS = YES;
				CLANG_WARN_DIRECT_OBJC_ISA_USAGE = YES_ERROR;
				CLANG_WARN_DOCUMENTATION_COMMENTS = YES;
				CLANG_WARN_EMPTY_BODY = YES;
				CLANG_WARN_ENUM_CONVERSION = YES;
				CLANG_WARN_INFINITE_RECURSION = YES;
				CLANG_WARN_INT_CONVERSION = YES;
				CLANG_WARN_NON_LITERAL_NULL_CONVERSION = YES;
				CLANG_WARN_OBJC_IMPLICIT_RETAIN_SELF = YES;
				CLANG_WARN_OBJC_LITERAL_CONVERSION = YES;
				CLANG_WARN_OBJC_ROOT_CLASS = YES_ERROR;
				CLANG_WARN_QUOTED_INCLUDE_IN_FRAMEWORK_HEADER = YES;
				CLANG_WARN_RANGE_LOOP_ANALYSIS = YES;
				CLANG_WARN_STRICT_PROTOTYPES = YES;
				CLANG_WARN_SUSPICIOUS_MOVE = YES;
				CLANG_WARN_UNGUARDED_AVAILABILITY = YES_AGGRESSIVE;
				CLANG_WARN_UNREACHABLE_CODE = YES;
				CLANG_WARN__DUPLICATE_METHOD_MATCH = YES;
				COPY_PHASE_STRIP = NO;
				DEBUG_INFORMATION_FORMAT = dwarf;
				ENABLE_STRICT_OBJC_MSGSEND = YES;
				ENABLE_TESTABILITY = YES;
				ENABLE_USER_SCRIPT_SANDBOXING = YES;
				GCC_C_LANGUAGE_STANDARD = gnu17;
				GCC_DYNAMIC_NO_PIC = NO;
				GCC_NO_COMMON_BLOCKS = YES;
				GCC_OPTIMIZATION_LEVEL = 0;
				GCC_PREPROCESSOR_DEFINITIONS = (
					"DEBUG=1",
					"$(inherited)",
				);
				GCC_WARN_64_TO_32_BIT_CONVERSION = YES;
				GCC_WARN_ABOUT_RETURN_TYPE = YES_ERROR;
				GCC_WARN_UNDECLARED_SELECTOR = YES;
				GCC_WARN_UNINITIALIZED_AUTOS = YES_AGGRESSIVE;
				GCC_WARN_UNUSED_FUNCTION = YES;
				GCC_WARN_UNUSED_VARIABLE = YES;
				IPHONEOS_DEPLOYMENT_TARGET = 26.2;
				LOCALIZATION_PREFERS_STRING_CATALOGS = YES;
				MTL_ENABLE_DEBUG_INFO = INCLUDE_SOURCE;
				MTL_FAST_MATH = YES;
				ONLY_ACTIVE_ARCH = YES;
				SDKROOT = iphoneos;
				SWIFT_ACTIVE_COMPILATION_CONDITIONS = "DEBUG $(inherited)";
				SWIFT_OPTIMIZATION_LEVEL = "-Onone";
			};
			name = Debug;
		};
		043BB68A2FE03CB300449743 /* Release */ = {
			isa = XCBuildConfiguration;
			buildSettings = {
				ALWAYS_SEARCH_USER_PATHS = NO;
				ASSETCATALOG_COMPILER_GENERATE_SWIFT_ASSET_SYMBOL_EXTENSIONS = YES;
				CLANG_ANALYZER_NONNULL = YES;
				CLANG_ANALYZER_NUMBER_OBJECT_CONVERSION = YES_AGGRESSIVE;
				CLANG_CXX_LANGUAGE_STANDARD = "gnu++20";
				CLANG_ENABLE_MODULES = YES;
				CLANG_ENABLE_OBJC_ARC = YES;
				CLANG_ENABLE_OBJC_WEAK = YES;
				CLANG_WARN_BLOCK_CAPTURE_AUTORELEASING = YES;
				CLANG_WARN_BOOL_CONVERSION = YES;
				CLANG_WARN_COMMA = YES;
				CLANG_WARN_CONSTANT_CONVERSION = YES;
				CLANG_WARN_DEPRECATED_OBJC_IMPLEMENTATIONS = YES;
				CLANG_WARN_DIRECT_OBJC_ISA_USAGE = YES_ERROR;
				CLANG_WARN_DOCUMENTATION_COMMENTS = YES;
				CLANG_WARN_EMPTY_BODY = YES;
				CLANG_WARN_ENUM_CONVERSION = YES;
				CLANG_WARN_INFINITE_RECURSION = YES;
				CLANG_WARN_INT_CONVERSION = YES;
				CLANG_WARN_NON_LITERAL_NULL_CONVERSION = YES;
				CLANG_WARN_OBJC_IMPLICIT_RETAIN_SELF = YES;
				CLANG_WARN_OBJC_LITERAL_CONVERSION = YES;
				CLANG_WARN_OBJC_ROOT_CLASS = YES_ERROR;
				CLANG_WARN_QUOTED_INCLUDE_IN_FRAMEWORK_HEADER = YES;
				CLANG_WARN_RANGE_LOOP_ANALYSIS = YES;
				CLANG_WARN_STRICT_PROTOTYPES = YES;
				CLANG_WARN_SUSPICIOUS_MOVE = YES;
				CLANG_WARN_UNGUARDED_AVAILABILITY = YES_AGGRESSIVE;
				CLANG_WARN_UNREACHABLE_CODE = YES;
				CLANG_WARN__DUPLICATE_METHOD_MATCH = YES;
				COPY_PHASE_STRIP = NO;
				DEBUG_INFORMATION_FORMAT = "dwarf-with-dsym";
				ENABLE_NS_ASSERTIONS = NO;
				ENABLE_STRICT_OBJC_MSGSEND = YES;
				ENABLE_USER_SCRIPT_SANDBOXING = YES;
				GCC_C_LANGUAGE_STANDARD = gnu17;
				GCC_NO_COMMON_BLOCKS = YES;
				GCC_WARN_64_TO_32_BIT_CONVERSION = YES;
				GCC_WARN_ABOUT_RETURN_TYPE = YES_ERROR;
				GCC_WARN_UNDECLARED_SELECTOR = YES;
				GCC_WARN_UNINITIALIZED_AUTOS = YES_AGGRESSIVE;
				GCC_WARN_UNUSED_FUNCTION = YES;
				GCC_WARN_UNUSED_VARIABLE = YES;
				IPHONEOS_DEPLOYMENT_TARGET = 26.2;
				LOCALIZATION_PREFERS_STRING_CATALOGS = YES;
				MTL_ENABLE_DEBUG_INFO = NO;
				MTL_FAST_MATH = YES;
				SDKROOT = iphoneos;
				SWIFT_COMPILATION_MODE = wholemodule;
				VALIDATE_PRODUCT = YES;
			};
			name = Release;
		};
		043BB68C2FE03CB300449743 /* Debug */ = {
			isa = XCBuildConfiguration;
			buildSettings = {
				ASSETCATALOG_COMPILER_APPICON_NAME = AppIcon;
				ASSETCATALOG_COMPILER_GLOBAL_ACCENT_COLOR_NAME = AccentColor;
				CODE_SIGN_STYLE = Automatic;
				CURRENT_PROJECT_VERSION = 1;
				ENABLE_PREVIEWS = YES;
				GENERATE_INFOPLIST_FILE = YES;
				INFOPLIST_FILE = MemoNotesAI/App/Info.plist;
				INFOPLIST_KEY_NSMicrophoneUsageDescription = "Access to your microphone is required to enable audio recording.";
				INFOPLIST_KEY_UIApplicationSceneManifest_Generation = YES;
				INFOPLIST_KEY_UIApplicationSupportsIndirectInputEvents = YES;
				INFOPLIST_KEY_UILaunchScreen_Generation = YES;
				INFOPLIST_KEY_UISupportedInterfaceOrientations_iPad = "UIInterfaceOrientationPortrait UIInterfaceOrientationPortraitUpsideDown UIInterfaceOrientationLandscapeLeft UIInterfaceOrientationLandscapeRight";
				INFOPLIST_KEY_UISupportedInterfaceOrientations_iPhone = "UIInterfaceOrientationPortrait UIInterfaceOrientationLandscapeLeft UIInterfaceOrientationLandscapeRight";
				LD_RUNPATH_SEARCH_PATHS = (
					"$(inherited)",
					"@executable_path/Frameworks",
				);
				MARKETING_VERSION = 1.0;
				PRODUCT_BUNDLE_IDENTIFIER = com.mohannad.app.MemoNotesAI;
				PRODUCT_NAME = "$(TARGET_NAME)";
				STRING_CATALOG_GENERATE_SYMBOLS = YES;
				SWIFT_APPROACHABLE_CONCURRENCY = YES;
				SWIFT_DEFAULT_ACTOR_ISOLATION = MainActor;
				SWIFT_EMIT_LOC_STRINGS = YES;
				SWIFT_UPCOMING_FEATURE_MEMBER_IMPORT_VISIBILITY = YES;
				SWIFT_VERSION = 5.0;
				TARGETED_DEVICE_FAMILY = "1,2";
			};
			name = Debug;
		};
		043BB68D2FE03CB300449743 /* Release */ = {
			isa = XCBuildConfiguration;
			buildSettings = {
				ASSETCATALOG_COMPILER_APPICON_NAME = AppIcon;
				ASSETCATALOG_COMPILER_GLOBAL_ACCENT_COLOR_NAME = AccentColor;
				CODE_SIGN_STYLE = Automatic;
				CURRENT_PROJECT_VERSION = 1;
				ENABLE_PREVIEWS = YES;
				GENERATE_INFOPLIST_FILE = YES;
				INFOPLIST_FILE = MemoNotesAI/App/Info.plist;
				INFOPLIST_KEY_NSMicrophoneUsageDescription = "Access to your microphone is required to enable audio recording.";
				INFOPLIST_KEY_UIApplicationSceneManifest_Generation = YES;
				INFOPLIST_KEY_UIApplicationSupportsIndirectInputEvents = YES;
				INFOPLIST_KEY_UILaunchScreen_Generation = YES;
				INFOPLIST_KEY_UISupportedInterfaceOrientations_iPad = "UIInterfaceOrientationPortrait UIInterfaceOrientationPortraitUpsideDown UIInterfaceOrientationLandscapeLeft UIInterfaceOrientationLandscapeRight";
				INFOPLIST_KEY_UISupportedInterfaceOrientations_iPhone = "UIInterfaceOrientationPortrait UIInterfaceOrientationLandscapeLeft UIInterfaceOrientationLandscapeRight";
				LD_RUNPATH_SEARCH_PATHS = (
					"$(inherited)",
					"@executable_path/Frameworks",
				);
				MARKETING_VERSION = 1.0;
				PRODUCT_BUNDLE_IDENTIFIER = com.mohannad.app.MemoNotesAI;
				PRODUCT_NAME = "$(TARGET_NAME)";
				STRING_CATALOG_GENERATE_SYMBOLS = YES;
				SWIFT_APPROACHABLE_CONCURRENCY = YES;
				SWIFT_DEFAULT_ACTOR_ISOLATION = MainActor;
				SWIFT_EMIT_LOC_STRINGS = YES;
				SWIFT_UPCOMING_FEATURE_MEMBER_IMPORT_VISIBILITY = YES;
				SWIFT_VERSION = 5.0;
				TARGETED_DEVICE_FAMILY = "1,2";
			};
			name = Release;
		};
/* End XCBuildConfiguration section */

/* Begin XCConfigurationList section */
		043BB67B2FE03CB100449743 /* Build configuration list for PBXProject "MemoNotesAI" */ = {
			isa = XCConfigurationList;
			buildConfigurations = (
				043BB6892FE03CB300449743 /* Debug */,
				043BB68A2FE03CB300449743 /* Release */,
			);
			defaultConfigurationIsVisible = 0;
			defaultConfigurationName = Release;
		};
		043BB68B2FE03CB300449743 /* Build configuration list for PBXNativeTarget "MemoNotesAI" */ = {
			isa = XCConfigurationList;
			buildConfigurations = (
				043BB68C2FE03CB300449743 /* Debug */,
				043BB68D2FE03CB300449743 /* Release */,
			);
			defaultConfigurationIsVisible = 0;
			defaultConfigurationName = Release;
		};
/* End XCConfigurationList section */

/* Begin XCLocalSwiftPackageReference section */
		043BB6B12FE03CB200449743 /* XCLocalSwiftPackageReference "MemoNotesAI/PersistenceCore" */ = {
			isa = XCLocalSwiftPackageReference;
			relativePath = MemoNotesAI/PersistenceCore;
		};
		043BB6B22FE03CB200449743 /* XCLocalSwiftPackageReference "MemoNotesAI/AudioCore" */ = {
			isa = XCLocalSwiftPackageReference;
			relativePath = MemoNotesAI/AudioCore;
		};
		043BB6B32FE03CB200449743 /* XCLocalSwiftPackageReference "MemoNotesAI/TranscriptionCore" */ = {
			isa = XCLocalSwiftPackageReference;
			relativePath = MemoNotesAI/TranscriptionCore;
		};
		043BB6B42FE03CB200449743 /* XCLocalSwiftPackageReference "MemoNotesAI/NetworkCore" */ = {
			isa = XCLocalSwiftPackageReference;
			relativePath = MemoNotesAI/NetworkCore;
		};
		043BB6B52FE03CB200449743 /* XCLocalSwiftPackageReference "MemoNotesAI/SystemCore" */ = {
			isa = XCLocalSwiftPackageReference;
			relativePath = MemoNotesAI/SystemCore;
		};
		043BB6B62FE03CB200449743 /* XCLocalSwiftPackageReference "MemoNotesAI/RecordingFeature" */ = {
			isa = XCLocalSwiftPackageReference;
			relativePath = MemoNotesAI/RecordingFeature;
		};
		043BB6B72FE03CB200449743 /* XCLocalSwiftPackageReference "MemoNotesAI/SessionsFeature" */ = {
			isa = XCLocalSwiftPackageReference;
			relativePath = MemoNotesAI/SessionsFeature;
		};
/* End XCLocalSwiftPackageReference section */

/* Begin XCSwiftPackageProductDependency section */
		043BB6A12FE03CB200449743 /* PersistenceCore */ = {
			isa = XCSwiftPackageProductDependency;
			package = 043BB6B12FE03CB200449743 /* XCLocalSwiftPackageReference "MemoNotesAI/PersistenceCore" */;
			productName = PersistenceCore;
		};
		043BB6A22FE03CB200449743 /* AudioCore */ = {
			isa = XCSwiftPackageProductDependency;
			package = 043BB6B22FE03CB200449743 /* XCLocalSwiftPackageReference "MemoNotesAI/AudioCore" */;
			productName = AudioCore;
		};
		043BB6A32FE03CB200449743 /* TranscriptionCore */ = {
			isa = XCSwiftPackageProductDependency;
			package = 043BB6B32FE03CB200449743 /* XCLocalSwiftPackageReference "MemoNotesAI/TranscriptionCore" */;
			productName = TranscriptionCore;
		};
		043BB6A42FE03CB200449743 /* NetworkCore */ = {
			isa = XCSwiftPackageProductDependency;
			package = 043BB6B42FE03CB200449743 /* XCLocalSwiftPackageReference "MemoNotesAI/NetworkCore" */;
			productName = NetworkCore;
		};
		043BB6A52FE03CB200449743 /* SystemCore */ = {
			isa = XCSwiftPackageProductDependency;
			package = 043BB6B52FE03CB200449743 /* XCLocalSwiftPackageReference "MemoNotesAI/SystemCore" */;
			productName = SystemCore;
		};
		043BB6A62FE03CB200449743 /* RecordingFeature */ = {
			isa = XCSwiftPackageProductDependency;
			package = 043BB6B62FE03CB200449743 /* XCLocalSwiftPackageReference "MemoNotesAI/RecordingFeature" */;
			productName = RecordingFeature;
		};
		043BB6A72FE03CB200449743 /* SessionsFeature */ = {
			isa = XCSwiftPackageProductDependency;
			package = 043BB6B72FE03CB200449743 /* XCLocalSwiftPackageReference "MemoNotesAI/SessionsFeature" */;
			productName = SessionsFeature;
		};
/* End XCSwiftPackageProductDependency section */
	};
	rootObject = 043BB6782FE03CB100449743 /* Project object */;
}
